
Microsoft Visual Studio Solution File, Format Version 12.00
# Visual Studio Version 17
VisualStudioVersion = 17.10.34928.147
MinimumVisualStudioVersion = 10.0.40219.1
Project("{FAE04EC0-301F-11D3-BF4B-00C04F79EFBC}") = "ECC_DigitalSignature", "ECC_DigitalSignature\ECC_DigitalSignature.csproj", "{81320BBE-7072-48F4-A08A-E2FCA9789313}"
EndProject
Project("{8BC9CEB8-8B4A-11D0-8D11-00A0C91BC942}") = "Dll1", "Dll1\Dll1.vcxproj", "{4F0475A9-B1A2-4E6A-B6AE-1747704BB48F}"
EndProject
Global
	GlobalSection(SolutionConfigurationPlatforms) = preSolution
		Debug|Any CPU = Debug|Any CPU
		Debug|x64 = Debug|x64
		Debug|x86 = Debug|x86
		Release|Any CPU = Release|Any CPU
		Release|x64 = Release|x64
		Release|x86 = Release|x86
	EndGlobalSection
	GlobalSection(ProjectConfigurationPlatforms) = postSolution
		{81320BBE-7072-48F4-A08A-E2FCA9789313}.Debug|Any CPU.ActiveCfg = Debug|Any CPU
		{81320BBE-7072-48F4-A08A-E2FCA9789313}.Debug|Any CPU.Build.0 = Debug|Any CPU
		{81320BBE-7072-48F4-A08A-E2FCA9789313}.Debug|x64.ActiveCfg = Debug|Any CPU
		{81320BBE-7072-48F4-A08A-E2FCA9789313}.Debug|x64.Build.0 = Debug|Any CPU
		{81320BBE-7072-48F4-A08A-E2FCA9789313}.Debug|x86.ActiveCfg = Debug|Any CPU
		{81320BBE-7072-48F4-A08A-E2FCA9789313}.Debug|x86.Build.0 = Debug|Any CPU
		{81320BBE-7072-48F4-A08A-E2FCA9789313}.Release|Any CPU.ActiveCfg = Release|Any CPU
		{81320BBE-7072-48F4-A08A-E2FCA9789313}.Release|Any CPU.Build.0 = Release|Any CPU
		{81320BBE-7072-48F4-A08A-E2FCA9789313}.Release|x64.ActiveCfg = Release|Any CPU
		{81320BBE-7072-48F4-A08A-E2FCA9789313}.Release|x64.Build.0 = Release|Any CPU
		{81320BBE-7072-48F4-A08A-E2FCA9789313}.Release|x86.ActiveCfg = Release|Any CPU
		{81320BBE-7072-48F4-A08A-E2FCA9789313}.Release|x86.Build.0 = Release|Any CPU
		{4F0475A9-B1A2-4E6A-B6AE-1747704BB48F}.Debug|Any CPU.ActiveCfg = Debug|x64
		{4F0475A9-B1A2-4E6A-B6AE-1747704BB48F}.Debug|Any CPU.Build.0 = Debug|x64
		{4F0475A9-B1A2-4E6A-B6AE-1747704BB48F}.Debug|x64.ActiveCfg = Debug|x64
		{4F0475A9-B1A2-4E6A-B6AE-1747704BB48F}.Debug|x64.Build.0 = Debug|x64
		{4F0475A9-B1A2-4E6A-B6AE-1747704BB48F}.Debug|x86.ActiveCfg = Debug|Win32
		{4F0475A9-B1A2-4E6A-B6AE-1747704BB48F}.Debug|x86.Build.0 = Debug|Win32
		{4F0475A9-B1A2-4E6A-B6AE-1747704BB48F}.Release|Any CPU.ActiveCfg = Release|x64
		{4F0475A9-B1A2-4E6A-B6AE-1747704BB48F}.Release|Any CPU.Build.0 = Release|x64
		{4F0475A9-B1A2-4E6A-B6AE-1747704BB48F}.Release|x64.ActiveCfg = Release|x64
		{4F0475A9-B1A2-4E6A-B6AE-1747704BB48F}.Release|x64.Build.0 = Release|x64
		{4F0475A9-B1A2-4E6A-B6AE-1747704BB48F}.Release|x86.ActiveCfg = Release|Win32
		{4F0475A9-B1A2-4E6A-B6AE-1747704BB48F}.Release|x86.Build.0 = Release|Win32
	EndGlobalSection
	GlobalSection(SolutionProperties) = preSolution
		HideSolutionNode = FALSE
	EndGlobalSection
	GlobalSection(ExtensibilityGlobals) = postSolution
		SolutionGuid = {68EA733F-18D2-41D4-AC34-7B52B27BCB91}
	EndGlobalSection
EndGlobal
